github.com/lbenicio/aboutme-v2-theme v0.0.0-20260616173437-0f84a0dddeae h1:gd3EJiPL2xwOnBqVCxyVqMlByaXU3DJ4ZUXc1rRJls4=
github.com/lbenicio/aboutme-v2-theme v0.0.0-20260616173437-0f84a0dddeae/go.mod h1:xa/rG/eXx234xPAEaSi8MltuNMv0uw4fsB/cvS6UNDs=
github.com/lbenicio/aboutme-v2-theme v0.0.0-20260616174746-bc53e8876845 h1:hgknsj32aCGfHiA4jFj0kmnIU5QsfPzKiLD0cJ/TEYA=
github.com/lbenicio/aboutme-v2-theme v0.0.0-20260616174746-bc53e8876845/go.mod h1:xa/rG/eXx234xPAEaSi8MltuNMv0uw4fsB/cvS6UNDs=
