github.com/lbenicio/aboutme-v2-theme v0.0.0-20260616033857-59363c413531 h1:pWpLkQXMtUqC8nU7mHieRz1ggJpqqkL+q4UMQ5yiKGM=
github.com/lbenicio/aboutme-v2-theme v0.0.0-20260616033857-59363c413531/go.mod h1:UxkAdvpzoRHKmSK0xkLaEye+CuARQofQKMudYqD+4lk=
github.com/lbenicio/aboutme-v2-theme v0.0.0-20260616035158-5a9854f9b4bf h1:+bcWZ462mEQ6n/TgrJRicffYWjtDJ9hlg2qbf6jJ+PY=
github.com/lbenicio/aboutme-v2-theme v0.0.0-20260616035158-5a9854f9b4bf/go.mod h1:UxkAdvpzoRHKmSK0xkLaEye+CuARQofQKMudYqD+4lk=
